
Microsoft Visual Studio Solution File, Format Version 12.00
# Visual Studio Version 17
VisualStudioVersion = 17.13.35931.197 d17.13
MinimumVisualStudioVersion = 10.0.40219.1
Project("{FAE04EC0-301F-11D3-BF4B-00C04F79EFBC}") = "Deber_Linq", "Deber_Linq\Deber_Linq.csproj", "{BEC54795-8298-43EE-B920-D4D6F48854C6}"
EndProject
Project("{FAE04EC0-301F-11D3-BF4B-00C04F79EFBC}") = "Capa_Datos", "Capa_Datos\Capa_Datos.csproj", "{9B95F080-C2C4-4814-AEEE-02E848099A88}"
EndProject
Project("{FAE04EC0-301F-11D3-BF4B-00C04F79EFBC}") = "Capa_Negocios", "Capa_Negocios\Capa_Negocios.csproj", "{ED1317D6-6B07-4547-874C-791BF775B549}"
EndProject
Global
	GlobalSection(SolutionConfigurationPlatforms) = preSolution
		Debug|Any CPU = Debug|Any CPU
		Release|Any CPU = Release|Any CPU
	EndGlobalSection
	GlobalSection(ProjectConfigurationPlatforms) = postSolution
		{BEC54795-8298-43EE-B920-D4D6F48854C6}.Debug|Any CPU.ActiveCfg = Debug|Any CPU
		{BEC54795-8298-43EE-B920-D4D6F48854C6}.Debug|Any CPU.Build.0 = Debug|Any CPU
		{BEC54795-8298-43EE-B920-D4D6F48854C6}.Release|Any CPU.ActiveCfg = Release|Any CPU
		{BEC54795-8298-43EE-B920-D4D6F48854C6}.Release|Any CPU.Build.0 = Release|Any CPU
		{9B95F080-C2C4-4814-AEEE-02E848099A88}.Debug|Any CPU.ActiveCfg = Debug|Any CPU
		{9B95F080-C2C4-4814-AEEE-02E848099A88}.Debug|Any CPU.Build.0 = Debug|Any CPU
		{9B95F080-C2C4-4814-AEEE-02E848099A88}.Release|Any CPU.ActiveCfg = Release|Any CPU
		{9B95F080-C2C4-4814-AEEE-02E848099A88}.Release|Any CPU.Build.0 = Release|Any CPU
		{ED1317D6-6B07-4547-874C-791BF775B549}.Debug|Any CPU.ActiveCfg = Debug|Any CPU
		{ED1317D6-6B07-4547-874C-791BF775B549}.Debug|Any CPU.Build.0 = Debug|Any CPU
		{ED1317D6-6B07-4547-874C-791BF775B549}.Release|Any CPU.ActiveCfg = Release|Any CPU
		{ED1317D6-6B07-4547-874C-791BF775B549}.Release|Any CPU.Build.0 = Release|Any CPU
	EndGlobalSection
	GlobalSection(SolutionProperties) = preSolution
		HideSolutionNode = FALSE
	EndGlobalSection
	GlobalSection(ExtensibilityGlobals) = postSolution
		SolutionGuid = {2E00D7E6-DD39-4831-80DE-8B59FF68778F}
	EndGlobalSection
EndGlobal
